// !$*UTF8*$!
{
	archiveVersion = 1;
	classes = {
	};
	objectVersion = 46;
	objects = {

/* Begin PBXBuildFile section */
		0AA8DAFB9D6D8B0CF5D8CDE2 /* libPods-百思不得骑马强化.a in Frameworks */ = {isa = PBXBuildFile; fileRef = 0EFEB65BF6DFE7B5C7845505 /* libPods-百思不得骑马强化.a */; };
		6113D7D11EA0C23B005D2DC1 /* YJWSeeBigController.m in Sources */ = {isa = PBXBuildFile; fileRef = 6113D7CF1EA0C23B005D2DC1 /* YJWSeeBigController.m */; };
		6113D7D21EA0C23B005D2DC1 /* YJWSeeBigController.xib in Resources */ = {isa = PBXBuildFile; fileRef = 6113D7D01EA0C23B005D2DC1 /* YJWSeeBigController.xib */; };
		613E1FC51E9B92680068AEA9 /* YJWPictureView.m in Sources */ = {isa = PBXBuildFile; fileRef = 613E1FC41E9B92680068AEA9 /* YJWPictureView.m */; };
		613E1FC81E9B927A0068AEA9 /* YJWAudioView.m in Sources */ = {isa = PBXBuildFile; fileRef = 613E1FC71E9B927A0068AEA9 /* YJWAudioView.m */; };
		613E1FCB1E9B93A50068AEA9 /* YJWAudioController.m in Sources */ = {isa = PBXBuildFile; fileRef = 613E1FCA1E9B93A50068AEA9 /* YJWAudioController.m */; };
		613E1FCE1E9B93C70068AEA9 /* YJWVideoView.m in Sources */ = {isa = PBXBuildFile; fileRef = 613E1FCD1E9B93C70068AEA9 /* YJWVideoView.m */; };
		613E1FD01E9B93D30068AEA9 /* YJWAudioView.xib in Resources */ = {isa = PBXBuildFile; fileRef = 613E1FCF1E9B93D30068AEA9 /* YJWAudioView.xib */; };
		613E1FD21E9B93DE0068AEA9 /* YJWPictureView.xib in Resources */ = {isa = PBXBuildFile; fileRef = 613E1FD11E9B93DE0068AEA9 /* YJWPictureView.xib */; };
		613E1FD41E9B93EC0068AEA9 /* YJWVideoView.xib in Resources */ = {isa = PBXBuildFile; fileRef = 613E1FD31E9B93EC0068AEA9 /* YJWVideoView.xib */; };
		614402451E9CF4D900696DB3 /* YJWTopicViewController.m in Sources */ = {isa = PBXBuildFile; fileRef = 614402441E9CF4D900696DB3 /* YJWTopicViewController.m */; };
		616625341E7EBE91005460A8 /* YJWConst.m in Sources */ = {isa = PBXBuildFile; fileRef = 616625331E7EBE91005460A8 /* YJWConst.m */; };
		616625371E7EC4B4005460A8 /* YJWMeCell.m in Sources */ = {isa = PBXBuildFile; fileRef = 616625361E7EC4B4005460A8 /* YJWMeCell.m */; };
		6166253A1E7F856A005460A8 /* YJWFooterView.m in Sources */ = {isa = PBXBuildFile; fileRef = 616625391E7F856A005460A8 /* YJWFooterView.m */; };
		616A401B1DAC8D3500B28F0D /* main.m in Sources */ = {isa = PBXBuildFile; fileRef = 616A401A1DAC8D3500B28F0D /* main.m */; };
		616A40241DAC8D3500B28F0D /* Main.storyboard in Resources */ = {isa = PBXBuildFile; fileRef = 616A40221DAC8D3500B28F0D /* Main.storyboard */; };
		616A40261DAC8D3500B28F0D /* Assets.xcassets in Resources */ = {isa = PBXBuildFile; fileRef = 616A40251DAC8D3500B28F0D /* Assets.xcassets */; };
		616A40291DAC8D3500B28F0D /* LaunchScreen.storyboard in Resources */ = {isa = PBXBuildFile; fileRef = 616A40271DAC8D3500B28F0D /* LaunchScreen.storyboard */; };
		616A40341DAC8D3500B28F0D /* ________UITests.m in Sources */ = {isa = PBXBuildFile; fileRef = 616A40331DAC8D3500B28F0D /* ________UITests.m */; };
		61734F2E1E790AB000A8A037 /* UIBarButtonItem+YJWExtension.m in Sources */ = {isa = PBXBuildFile; fileRef = 61734F2D1E790AB000A8A037 /* UIBarButtonItem+YJWExtension.m */; };
		61734F311E796E5E00A8A037 /* YJWSettingViewController.m in Sources */ = {isa = PBXBuildFile; fileRef = 61734F301E796E5E00A8A037 /* YJWSettingViewController.m */; };
		61734F341E79733900A8A037 /* YJWRecommendViewController.m in Sources */ = {isa = PBXBuildFile; fileRef = 61734F331E79733900A8A037 /* YJWRecommendViewController.m */; };
		61734F371E79791E00A8A037 /* YJWNavigationController.m in Sources */ = {isa = PBXBuildFile; fileRef = 61734F361E79791E00A8A037 /* YJWNavigationController.m */; };
		61734F391E7A442B00A8A037 /* YJWFriendViewController.xib in Resources */ = {isa = PBXBuildFile; fileRef = 61734F381E7A442B00A8A037 /* YJWFriendViewController.xib */; };
		61734F3C1E7A4F6300A8A037 /* YJWLoginRegisterViewController.m in Sources */ = {isa = PBXBuildFile; fileRef = 61734F3B1E7A4F6300A8A037 /* YJWLoginRegisterViewController.m */; };
		61734F401E7A51A400A8A037 /* YJWLoginRegisterViewController.xib in Resources */ = {isa = PBXBuildFile; fileRef = 61734F3F1E7A51A400A8A037 /* YJWLoginRegisterViewController.xib */; };
		61734F431E7A70EA00A8A037 /* YJWTabBar.m in Sources */ = {isa = PBXBuildFile; fileRef = 61734F421E7A70EA00A8A037 /* YJWTabBar.m */; };
		61734F461E7A70FF00A8A037 /* YJWButton.m in Sources */ = {isa = PBXBuildFile; fileRef = 61734F451E7A70FF00A8A037 /* YJWButton.m */; };
		61734F491E7ACDC500A8A037 /* YJWLoginRegisterTextField.m in Sources */ = {isa = PBXBuildFile; fileRef = 61734F481E7ACDC500A8A037 /* YJWLoginRegisterTextField.m */; };
		61ADB4E21E80D24F00758001 /* YJWWebViewController.m in Sources */ = {isa = PBXBuildFile; fileRef = 61ADB4E01E80D24F00758001 /* YJWWebViewController.m */; };
		61ADB4E31E80D24F00758001 /* YJWWebViewController.xib in Resources */ = {isa = PBXBuildFile; fileRef = 61ADB4E11E80D24F00758001 /* YJWWebViewController.xib */; };
		61BE370B1DE83DF2000758C7 /* YJWEssenceViewController.m in Sources */ = {isa = PBXBuildFile; fileRef = 61BE36E81DE83DF2000758C7 /* YJWEssenceViewController.m */; };
		61BE370C1DE83DF2000758C7 /* YJWFriendViewController.m in Sources */ = {isa = PBXBuildFile; fileRef = 61BE36EE1DE83DF2000758C7 /* YJWFriendViewController.m */; };
		61BE370D1DE83DF2000758C7 /* YJWMeViewController.m in Sources */ = {isa = PBXBuildFile; fileRef = 61BE36F41DE83DF2000758C7 /* YJWMeViewController.m */; };
		61BE370E1DE83DF2000758C7 /* YJWNewViewController.m in Sources */ = {isa = PBXBuildFile; fileRef = 61BE36FA1DE83DF2000758C7 /* YJWNewViewController.m */; };
		61BE370F1DE83DF2000758C7 /* AppDelegate.m in Sources */ = {isa = PBXBuildFile; fileRef = 61BE36FF1DE83DF2000758C7 /* AppDelegate.m */; };
		61BE37101DE83DF2000758C7 /* UIView+YJWExtension.m in Sources */ = {isa = PBXBuildFile; fileRef = 61BE37021DE83DF2000758C7 /* UIView+YJWExtension.m */; };
		61BE37111DE83DF2000758C7 /* YJWTabBarController.m in Sources */ = {isa = PBXBuildFile; fileRef = 61BE37051DE83DF2000758C7 /* YJWTabBarController.m */; };
		61C930F61E7FC8A5004CEC61 /* YJWMeSquare.m in Sources */ = {isa = PBXBuildFile; fileRef = 61C930F51E7FC8A5004CEC61 /* YJWMeSquare.m */; };
		61C930F91E7FDEB2004CEC61 /* YJWSquareButton.m in Sources */ = {isa = PBXBuildFile; fileRef = 61C930F81E7FDEB2004CEC61 /* YJWSquareButton.m */; };
		61DB391C1E820380005F272F /* YJWClearCacheCell.m in Sources */ = {isa = PBXBuildFile; fileRef = 61DB391B1E820380005F272F /* YJWClearCacheCell.m */; };
		61DB391F1E8203D4005F272F /* NSString+YJWExtension.m in Sources */ = {isa = PBXBuildFile; fileRef = 61DB391E1E8203D4005F272F /* NSString+YJWExtension.m */; };
		61DB39221E82AE7C005F272F /* YJWSettingCell.m in Sources */ = {isa = PBXBuildFile; fileRef = 61DB39211E82AE7C005F272F /* YJWSettingCell.m */; };
		61DB39261E82AECD005F272F /* YJWSettingOtherCell.m in Sources */ = {isa = PBXBuildFile; fileRef = 61DB39241E82AECD005F272F /* YJWSettingOtherCell.m */; };
		61DB39271E82AECD005F272F /* YJWSettingOtherCell.xib in Resources */ = {isa = PBXBuildFile; fileRef = 61DB39251E82AECD005F272F /* YJWSettingOtherCell.xib */; };
		61DB392A1E837D6F005F272F /* YJWTitleButton.m in Sources */ = {isa = PBXBuildFile; fileRef = 61DB39291E837D6F005F272F /* YJWTitleButton.m */; };
		61DB392D1E838703005F272F /* YJWRecommendController.m in Sources */ = {isa = PBXBuildFile; fileRef = 61DB392C1E838703005F272F /* YJWRecommendController.m */; };
		61DB39301E838716005F272F /* YJWVideoController.m in Sources */ = {isa = PBXBuildFile; fileRef = 61DB392F1E838716005F272F /* YJWVideoController.m */; };
		61DB39331E838726005F272F /* YJWPictureController.m in Sources */ = {isa = PBXBuildFile; fileRef = 61DB39321E838726005F272F /* YJWPictureController.m */; };
		61DB39361E838735005F272F /* YJWWordController.m in Sources */ = {isa = PBXBuildFile; fileRef = 61DB39351E838735005F272F /* YJWWordController.m */; };
		61DB39391E838FC2005F272F /* YJWPaiHangController.m in Sources */ = {isa = PBXBuildFile; fileRef = 61DB39381E838FC2005F272F /* YJWPaiHangController.m */; };
		61DB393C1E838FD3005F272F /* YJWSocietyController.m in Sources */ = {isa = PBXBuildFile; fileRef = 61DB393B1E838FD3005F272F /* YJWSocietyController.m */; };
		61DB393F1E838FF0005F272F /* YJWBeautyController.m in Sources */ = {isa = PBXBuildFile; fileRef = 61DB393E1E838FF0005F272F /* YJWBeautyController.m */; };
		61DB39421E839001005F272F /* YJWGameController.m in Sources */ = {isa = PBXBuildFile; fileRef = 61DB39411E839001005F272F /* YJWGameController.m */; };
		61DB39451E839011005F272F /* YJWNetHotController.m in Sources */ = {isa = PBXBuildFile; fileRef = 61DB39441E839011005F272F /* YJWNetHotController.m */; };
		61EB8A0D1E8A73DB00533E5B /* NSCalendar+YJWExtension.m in Sources */ = {isa = PBXBuildFile; fileRef = 61EB8A0C1E8A73DB00533E5B /* NSCalendar+YJWExtension.m */; };
		61EB8A101E8AAC4500533E5B /* NSDate+YJWExtension.m in Sources */ = {isa = PBXBuildFile; fileRef = 61EB8A0F1E8AAC4500533E5B /* NSDate+YJWExtension.m */; };
		61EB8A131E8BB4EC00533E5B /* YJWUser.m in Sources */ = {isa = PBXBuildFile; fileRef = 61EB8A121E8BB4EC00533E5B /* YJWUser.m */; };
		61EB8A161E8BB54E00533E5B /* YJWComment.m in Sources */ = {isa = PBXBuildFile; fileRef = 61EB8A151E8BB54E00533E5B /* YJWComment.m */; };
		61EB8A191E8D39D800533E5B /* YJWExtensionConfig.m in Sources */ = {isa = PBXBuildFile; fileRef = 61EB8A181E8D39D800533E5B /* YJWExtensionConfig.m */; };
		61F33FBD1E84CFCA00E3003A /* YJWTopic.m in Sources */ = {isa = PBXBuildFile; fileRef = 61F33FBC1E84CFCA00E3003A /* YJWTopic.m */; };
		61F33FC01E86195700E3003A /* YJWHeader.m in Sources */ = {isa = PBXBuildFile; fileRef = 61F33FBF1E86195700E3003A /* YJWHeader.m */; };
		61F33FC31E86197A00E3003A /* YJWFooter.m in Sources */ = {isa = PBXBuildFile; fileRef = 61F33FC21E86197A00E3003A /* YJWFooter.m */; };
		61F33FC61E866ECA00E3003A /* YJWHttpSessionManager.m in Sources */ = {isa = PBXBuildFile; fileRef = 61F33FC51E866ECA00E3003A /* YJWHttpSessionManager.m */; };
		61F33FCF1E86A98A00E3003A /* YJWTopicCell.m in Sources */ = {isa = PBXBuildFile; fileRef = 61F33FCD1E86A98A00E3003A /* YJWTopicCell.m */; };
		61F33FD01E86A98A00E3003A /* YJWTopicCell.xib in Resources */ = {isa = PBXBuildFile; fileRef = 61F33FCE1E86A98A00E3003A /* YJWTopicCell.xib */; };
		DA7CC456A636D1C907254736 /* libPods-百思不得骑马强化UITests.a in Frameworks */ = {isa = PBXBuildFile; fileRef = A5681A6AA0F1A290AAEBE014 /* libPods-百思不得骑马强化UITests.a */; };
/* End PBXBuildFile section */

/* Begin PBXContainerItemProxy section */
		616A40301DAC8D3500B28F0D /* PBXContainerItemProxy */ = {
			isa = PBXContainerItemProxy;
			containerPortal = 616A400E1DAC8D3500B28F0D /* Project object */;
			proxyType = 1;
			remoteGlobalIDString = 616A40151DAC8D3500B28F0D;
			remoteInfo = "百思不得骑马强化";
		};
/* End PBXContainerItemProxy section */

/* Begin PBXFileReference section */
		0C65B51768A6C59C09342CAD /* Pods-百思不得骑马强化UITests.debug.xcconfig */ = {isa = PBXFileReference; includeInIndex = 1; lastKnownFileType = text.xcconfig; name = "Pods-百思不得骑马强化UITests.debug.xcconfig"; path = "Pods/Target Support Files/Pods-百思不得骑马强化UITests/Pods-百思不得骑马强化UITests.debug.xcconfig"; sourceTree = "<group>"; };
		0EFEB65BF6DFE7B5C7845505 /* libPods-百思不得骑马强化.a */ = {isa = PBXFileReference; explicitFileType = archive.ar; includeInIndex = 0; path = "libPods-百思不得骑马强化.a"; sourceTree = BUILT_PRODUCTS_DIR; };
		156076910FE246B74B19EC99 /* Pods-百思不得骑马强化UITests.release.xcconfig */ = {isa = PBXFileReference; includeInIndex = 1; lastKnownFileType = text.xcconfig; name = "Pods-百思不得骑马强化UITests.release.xcconfig"; path = "Pods/Target Support Files/Pods-百思不得骑马强化UITests/Pods-百思不得骑马强化UITests.release.xcconfig"; sourceTree = "<group>"; };
		6113D7CE1EA0C23B005D2DC1 /* YJWSeeBigController.h */ = {isa = PBXFileReference; fileEncoding = 4; lastKnownFileType = sourcecode.c.h; path = YJWSeeBigController.h; sourceTree = "<group>"; };
		6113D7CF1EA0C23B005D2DC1 /* YJWSeeBigController.m */ = {isa = PBXFileReference; fileEncoding = 4; lastKnownFileType = sourcecode.c.objc; path = YJWSeeBigController.m; sourceTree = "<group>"; };
		6113D7D01EA0C23B005D2DC1 /* YJWSeeBigController.xib */ = {isa = PBXFileReference; fileEncoding = 4; lastKnownFileType = file.xib; path = YJWSeeBigController.xib; sourceTree = "<group>"; };
		613E1FC31E9B92680068AEA9 /* YJWPictureView.h */ = {isa = PBXFileReference; fileEncoding = 4; lastKnownFileType = sourcecode.c.h; path = YJWPictureView.h; sourceTree = "<group>"; };
		613E1FC41E9B92680068AEA9 /* YJWPictureView.m */ = {isa = PBXFileReference; fileEncoding = 4; lastKnownFileType = sourcecode.c.objc; path = YJWPictureView.m; sourceTree = "<group>"; };
		613E1FC61E9B927A0068AEA9 /* YJWAudioView.h */ = {isa = PBXFileReference; fileEncoding = 4; lastKnownFileType = sourcecode.c.h; path = YJWAudioView.h; sourceTree = "<group>"; };
		613E1FC71E9B927A0068AEA9 /* YJWAudioView.m */ = {isa = PBXFileReference; fileEncoding = 4; lastKnownFileType = sourcecode.c.objc; path = YJWAudioView.m; sourceTree = "<group>"; };
		613E1FC91E9B93A50068AEA9 /* YJWAudioController.h */ = {isa = PBXFileReference; fileEncoding = 4; lastKnownFileType = sourcecode.c.h; path = YJWAudioController.h; sourceTree = "<group>"; };
		613E1FCA1E9B93A50068AEA9 /* YJWAudioController.m */ = {isa = PBXFileReference; fileEncoding = 4; lastKnownFileType = sourcecode.c.objc; path = YJWAudioController.m; sourceTree = "<group>"; };
		613E1FCC1E9B93C70068AEA9 /* YJWVideoView.h */ = {isa = PBXFileReference; fileEncoding = 4; lastKnownFileType = sourcecode.c.h; path = YJWVideoView.h; sourceTree = "<group>"; };
		613E1FCD1E9B93C70068AEA9 /* YJWVideoView.m */ = {isa = PBXFileReference; fileEncoding = 4; lastKnownFileType = sourcecode.c.objc; path = YJWVideoView.m; sourceTree = "<group>"; };
		613E1FCF1E9B93D30068AEA9 /* YJWAudioView.xib */ = {isa = PBXFileReference; fileEncoding = 4; lastKnownFileType = file.xib; path = YJWAudioView.xib; sourceTree = "<group>"; };
		613E1FD11E9B93DE0068AEA9 /* YJWPictureView.xib */ = {isa = PBXFileReference; fileEncoding = 4; lastKnownFileType = file.xib; path = YJWPictureView.xib; sourceTree = "<group>"; };
		613E1FD31E9B93EC0068AEA9 /* YJWVideoView.xib */ = {isa = PBXFileReference; fileEncoding = 4; lastKnownFileType = file.xib; path = YJWVideoView.xib; sourceTree = "<group>"; };
		614402431E9CF4D900696DB3 /* YJWTopicViewController.h */ = {isa = PBXFileReference; fileEncoding = 4; lastKnownFileType = sourcecode.c.h; path = YJWTopicViewController.h; sourceTree = "<group>"; };
		614402441E9CF4D900696DB3 /* YJWTopicViewController.m */ = {isa = PBXFileReference; fileEncoding = 4; lastKnownFileType = sourcecode.c.objc; path = YJWTopicViewController.m; sourceTree = "<group>"; };
		616625321E7EBE91005460A8 /* YJWConst.h */ = {isa = PBXFileReference; fileEncoding = 4; lastKnownFileType = sourcecode.c.h; path = YJWConst.h; sourceTree = "<group>"; };
		616625331E7EBE91005460A8 /* YJWConst.m */ = {isa = PBXFileReference; fileEncoding = 4; lastKnownFileType = sourcecode.c.objc; path = YJWConst.m; sourceTree = "<group>"; };
		616625351E7EC4B4005460A8 /* YJWMeCell.h */ = {isa = PBXFileReference; fileEncoding = 4; lastKnownFileType = sourcecode.c.h; path = YJWMeCell.h; sourceTree = "<group>"; };
		616625361E7EC4B4005460A8 /* YJWMeCell.m */ = {isa = PBXFileReference; fileEncoding = 4; lastKnownFileType = sourcecode.c.objc; path = YJWMeCell.m; sourceTree = "<group>"; };
		616625381E7F856A005460A8 /* YJWFooterView.h */ = {isa = PBXFileReference; fileEncoding = 4; lastKnownFileType = sourcecode.c.h; path = YJWFooterView.h; sourceTree = "<group>"; };
		616625391E7F856A005460A8 /* YJWFooterView.m */ = {isa = PBXFileReference; fileEncoding = 4; lastKnownFileType = sourcecode.c.objc; path = YJWFooterView.m; sourceTree = "<group>"; };
		616A40161DAC8D3500B28F0D /* 百思不得骑马强化.app */ = {isa = PBXFileReference; explicitFileType = wrapper.application; includeInIndex = 0; path = "百思不得骑马强化.app"; sourceTree = BUILT_PRODUCTS_DIR; };
		616A401A1DAC8D3500B28F0D /* main.m */ = {isa = PBXFileReference; lastKnownFileType = sourcecode.c.objc; path = main.m; sourceTree = "<group>"; };
		616A40231DAC8D3500B28F0D /* Base */ = {isa = PBXFileReference; lastKnownFileType = file.storyboard; name = Base; path = Base.lproj/Main.storyboard; sourceTree = "<group>"; };
		616A40251DAC8D3500B28F0D /* Assets.xcassets */ = {isa = PBXFileReference; lastKnownFileType = folder.assetcatalog; path = Assets.xcassets; sourceTree = "<group>"; };
		616A40281DAC8D3500B28F0D /* Base */ = {isa = PBXFileReference; lastKnownFileType = file.storyboard; name = Base; path = Base.lproj/LaunchScreen.storyboard; sourceTree = "<group>"; };
		616A402A1DAC8D3500B28F0D /* Info.plist */ = {isa = PBXFileReference; lastKnownFileType = text.plist.xml; path = Info.plist; sourceTree = "<group>"; };
		616A402F1DAC8D3500B28F0D /* 百思不得骑马强化UITests.xctest */ = {isa = PBXFileReference; explicitFileType = wrapper.cfbundle; includeInIndex = 0; path = "百思不得骑马强化UITests.xctest"; sourceTree = BUILT_PRODUCTS_DIR; };
		616A40331DAC8D3500B28F0D /* ________UITests.m */ = {isa = PBXFileReference; lastKnownFileType = sourcecode.c.objc; path = "________UITests.m"; sourceTree = "<group>"; };
		616A40351DAC8D3500B28F0D /* Info.plist */ = {isa = PBXFileReference; lastKnownFileType = text.plist.xml; path = Info.plist; sourceTree = "<group>"; };
		61734F2C1E790AB000A8A037 /* UIBarButtonItem+YJWExtension.h */ = {isa = PBXFileReference; fileEncoding = 4; lastKnownFileType = sourcecode.c.h; path = "UIBarButtonItem+YJWExtension.h"; sourceTree = "<group>"; };
		61734F2D1E790AB000A8A037 /* UIBarButtonItem+YJWExtension.m */ = {isa = PBXFileReference; fileEncoding = 4; lastKnownFileType = sourcecode.c.objc; path = "UIBarButtonItem+YJWExtension.m"; sourceTree = "<group>"; };
		61734F2F1E796E5E00A8A037 /* YJWSettingViewController.h */ = {isa = PBXFileReference; fileEncoding = 4; lastKnownFileType = sourcecode.c.h; path = YJWSettingViewController.h; sourceTree = "<group>"; };
		61734F301E796E5E00A8A037 /* YJWSettingViewController.m */ = {isa = PBXFileReference; fileEncoding = 4; lastKnownFileType = sourcecode.c.objc; path = YJWSettingViewController.m; sourceTree = "<group>"; };
		61734F321E79733900A8A037 /* YJWRecommendViewController.h */ = {isa = PBXFileReference; fileEncoding = 4; lastKnownFileType = sourcecode.c.h; path = YJWRecommendViewController.h; sourceTree = "<group>"; };
		61734F331E79733900A8A037 /* YJWRecommendViewController.m */ = {isa = PBXFileReference; fileEncoding = 4; lastKnownFileType = sourcecode.c.objc; path = YJWRecommendViewController.m; sourceTree = "<group>"; };
		61734F351E79791E00A8A037 /* YJWNavigationController.h */ = {isa = PBXFileReference; fileEncoding = 4; lastKnownFileType = sourcecode.c.h; path = YJWNavigationController.h; sourceTree = "<group>"; };
		61734F361E79791E00A8A037 /* YJWNavigationController.m */ = {isa = PBXFileReference; fileEncoding = 4; lastKnownFileType = sourcecode.c.objc; path = YJWNavigationController.m; sourceTree = "<group>"; };
		61734F381E7A442B00A8A037 /* YJWFriendViewController.xib */ = {isa = PBXFileReference; fileEncoding = 4; lastKnownFileType = file.xib; path = YJWFriendViewController.xib; sourceTree = "<group>"; };
		61734F3A1E7A4F6300A8A037 /* YJWLoginRegisterViewController.h */ = {isa = PBXFileReference; fileEncoding = 4; lastKnownFileType = sourcecode.c.h; path = YJWLoginRegisterViewController.h; sourceTree = "<group>"; };
		61734F3B1E7A4F6300A8A037 /* YJWLoginRegisterViewController.m */ = {isa = PBXFileReference; fileEncoding = 4; lastKnownFileType = sourcecode.c.objc; path = YJWLoginRegisterViewController.m; sourceTree = "<group>"; };
		61734F3F1E7A51A400A8A037 /* YJWLoginRegisterViewController.xib */ = {isa = PBXFileReference; fileEncoding = 4; lastKnownFileType = file.xib; path = YJWLoginRegisterViewController.xib; sourceTree = "<group>"; };
		61734F411E7A70EA00A8A037 /* YJWTabBar.h */ = {isa = PBXFileReference; fileEncoding = 4; lastKnownFileType = sourcecode.c.h; path = YJWTabBar.h; sourceTree = "<group>"; };
		61734F421E7A70EA00A8A037 /* YJWTabBar.m */ = {isa = PBXFileReference; fileEncoding = 4; lastKnownFileType = sourcecode.c.objc; path = YJWTabBar.m; sourceTree = "<group>"; };
		61734F441E7A70FF00A8A037 /* YJWButton.h */ = {isa = PBXFileReference; fileEncoding = 4; lastKnownFileType = sourcecode.c.h; path = YJWButton.h; sourceTree = "<group>"; };
		61734F451E7A70FF00A8A037 /* YJWButton.m */ = {isa = PBXFileReference; fileEncoding = 4; lastKnownFileType = sourcecode.c.objc; path = YJWButton.m; sourceTree = "<group>"; };
		61734F471E7ACDC500A8A037 /* YJWLoginRegisterTextField.h */ = {isa = PBXFileReference; fileEncoding = 4; lastKnownFileType = sourcecode.c.h; path = YJWLoginRegisterTextField.h; sourceTree = "<group>"; };
		61734F481E7ACDC500A8A037 /* YJWLoginRegisterTextField.m */ = {isa = PBXFileReference; fileEncoding = 4; lastKnownFileType = sourcecode.c.objc; path = YJWLoginRegisterTextField.m; sourceTree = "<group>"; };
		61ADB4DF1E80D24F00758001 /* YJWWebViewController.h */ = {isa = PBXFileReference; fileEncoding = 4; lastKnownFileType = sourcecode.c.h; path = YJWWebViewController.h; sourceTree = "<group>"; };
		61ADB4E01E80D24F00758001 /* YJWWebViewController.m */ = {isa = PBXFileReference; fileEncoding = 4; lastKnownFileType = sourcecode.c.objc; path = YJWWebViewController.m; sourceTree = "<group>"; };
		61ADB4E11E80D24F00758001 /* YJWWebViewController.xib */ = {isa = PBXFileReference; fileEncoding = 4; lastKnownFileType = file.xib; path = YJWWebViewController.xib; sourceTree = "<group>"; };
		61BE36E71DE83DF2000758C7 /* YJWEssenceViewController.h */ = {isa = PBXFileReference; fileEncoding = 4; lastKnownFileType = sourcecode.c.h; path = YJWEssenceViewController.h; sourceTree = "<group>"; };
		61BE36E81DE83DF2000758C7 /* YJWEssenceViewController.m */ = {isa = PBXFileReference; fileEncoding = 4; lastKnownFileType = sourcecode.c.objc; path = YJWEssenceViewController.m; sourceTree = "<group>"; };
		61BE36ED1DE83DF2000758C7 /* YJWFriendViewController.h */ = {isa = PBXFileReference; fileEncoding = 4; lastKnownFileType = sourcecode.c.h; path = YJWFriendViewController.h; sourceTree = "<group>"; };
		61BE36EE1DE83DF2000758C7 /* YJWFriendViewController.m */ = {isa = PBXFileReference; fileEncoding = 4; lastKnownFileType = sourcecode.c.objc; path = YJWFriendViewController.m; sourceTree = "<group>"; };
		61BE36F31DE83DF2000758C7 /* YJWMeViewController.h */ = {isa = PBXFileReference; fileEncoding = 4; lastKnownFileType = sourcecode.c.h; path = YJWMeViewController.h; sourceTree = "<group>"; };
		61BE36F41DE83DF2000758C7 /* YJWMeViewController.m */ = {isa = PBXFileReference; fileEncoding = 4; lastKnownFileType = sourcecode.c.objc; path = YJWMeViewController.m; sourceTree = "<group>"; };
		61BE36F91DE83DF2000758C7 /* YJWNewViewController.h */ = {isa = PBXFileReference; fileEncoding = 4; lastKnownFileType = sourcecode.c.h; path = YJWNewViewController.h; sourceTree = "<group>"; };
		61BE36FA1DE83DF2000758C7 /* YJWNewViewController.m */ = {isa = PBXFileReference; fileEncoding = 4; lastKnownFileType = sourcecode.c.objc; path = YJWNewViewController.m; sourceTree = "<group>"; };
		61BE36FE1DE83DF2000758C7 /* AppDelegate.h */ = {isa = PBXFileReference; fileEncoding = 4; lastKnownFileType = sourcecode.c.h; path = AppDelegate.h; sourceTree = "<group>"; };
		61BE36FF1DE83DF2000758C7 /* AppDelegate.m */ = {isa = PBXFileReference; fileEncoding = 4; lastKnownFileType = sourcecode.c.objc; path = AppDelegate.m; sourceTree = "<group>"; };
		61BE37011DE83DF2000758C7 /* UIView+YJWExtension.h */ = {isa = PBXFileReference; fileEncoding = 4; lastKnownFileType = sourcecode.c.h; path = "UIView+YJWExtension.h"; sourceTree = "<group>"; };
		61BE37021DE83DF2000758C7 /* UIView+YJWExtension.m */ = {isa = PBXFileReference; fileEncoding = 4; lastKnownFileType = sourcecode.c.objc; path = "UIView+YJWExtension.m"; sourceTree = "<group>"; };
		61BE37041DE83DF2000758C7 /* YJWTabBarController.h */ = {isa = PBXFileReference; fileEncoding = 4; lastKnownFileType = sourcecode.c.h; path = YJWTabBarController.h; sourceTree = "<group>"; };
		61BE37051DE83DF2000758C7 /* YJWTabBarController.m */ = {isa = PBXFileReference; fileEncoding = 4; lastKnownFileType = sourcecode.c.objc; path = YJWTabBarController.m; sourceTree = "<group>"; };
		61BE37071DE83DF2000758C7 /* PrefixHeader.pch */ = {isa = PBXFileReference; fileEncoding = 4; lastKnownFileType = sourcecode.c.h; path = PrefixHeader.pch; sourceTree = "<group>"; };
		61C930F41E7FC8A5004CEC61 /* YJWMeSquare.h */ = {isa = PBXFileReference; fileEncoding = 4; lastKnownFileType = sourcecode.c.h; path = YJWMeSquare.h; sourceTree = "<group>"; };
		61C930F51E7FC8A5004CEC61 /* YJWMeSquare.m */ = {isa = PBXFileReference; fileEncoding = 4; lastKnownFileType = sourcecode.c.objc; path = YJWMeSquare.m; sourceTree = "<group>"; };
		61C930F71E7FDEB2004CEC61 /* YJWSquareButton.h */ = {isa = PBXFileReference; fileEncoding = 4; lastKnownFileType = sourcecode.c.h; path = YJWSquareButton.h; sourceTree = "<group>"; };
		61C930F81E7FDEB2004CEC61 /* YJWSquareButton.m */ = {isa = PBXFileReference; fileEncoding = 4; lastKnownFileType = sourcecode.c.objc; path = YJWSquareButton.m; sourceTree = "<group>"; };
		61DB391A1E820380005F272F /* YJWClearCacheCell.h */ = {isa = PBXFileReference; fileEncoding = 4; lastKnownFileType = sourcecode.c.h; path = YJWClearCacheCell.h; sourceTree = "<group>"; };
		61DB391B1E820380005F272F /* YJWClearCacheCell.m */ = {isa = PBXFileReference; fileEncoding = 4; lastKnownFileType = sourcecode.c.objc; path = YJWClearCacheCell.m; sourceTree = "<group>"; };
		61DB391D1E8203D4005F272F /* NSString+YJWExtension.h */ = {isa = PBXFileReference; fileEncoding = 4; lastKnownFileType = sourcecode.c.h; path = "NSString+YJWExtension.h"; sourceTree = "<group>"; };
		61DB391E1E8203D4005F272F /* NSString+YJWExtension.m */ = {isa = PBXFileReference; fileEncoding = 4; lastKnownFileType = sourcecode.c.objc; path = "NSString+YJWExtension.m"; sourceTree = "<group>"; };
		61DB39201E82AE7C005F272F /* YJWSettingCell.h */ = {isa = PBXFileReference; fileEncoding = 4; lastKnownFileType = sourcecode.c.h; path = YJWSettingCell.h; sourceTree = "<group>"; };
		61DB39211E82AE7C005F272F /* YJWSettingCell.m */ = {isa = PBXFileReference; fileEncoding = 4; lastKnownFileType = sourcecode.c.objc; path = YJWSettingCell.m; sourceTree = "<group>"; };
		61DB39231E82AECD005F272F /* YJWSettingOtherCell.h */ = {isa = PBXFileReference; fileEncoding = 4; lastKnownFileType = sourcecode.c.h; path = YJWSettingOtherCell.h; sourceTree = "<group>"; };
		61DB39241E82AECD005F272F /* YJWSettingOtherCell.m */ = {isa = PBXFileReference; fileEncoding = 4; lastKnownFileType = sourcecode.c.objc; path = YJWSettingOtherCell.m; sourceTree = "<group>"; };
		61DB39251E82AECD005F272F /* YJWSettingOtherCell.xib */ = {isa = PBXFileReference; fileEncoding = 4; lastKnownFileType = file.xib; path = YJWSettingOtherCell.xib; sourceTree = "<group>"; };
		61DB39281E837D6F005F272F /* YJWTitleButton.h */ = {isa = PBXFileReference; fileEncoding = 4; lastKnownFileType = sourcecode.c.h; path = YJWTitleButton.h; sourceTree = "<group>"; };
		61DB39291E837D6F005F272F /* YJWTitleButton.m */ = {isa = PBXFileReference; fileEncoding = 4; lastKnownFileType = sourcecode.c.objc; path = YJWTitleButton.m; sourceTree = "<group>"; };
		61DB392B1E838703005F272F /* YJWRecommendController.h */ = {isa = PBXFileReference; fileEncoding = 4; lastKnownFileType = sourcecode.c.h; path = YJWRecommendController.h; sourceTree = "<group>"; };
		61DB392C1E838703005F272F /* YJWRecommendController.m */ = {isa = PBXFileReference; fileEncoding = 4; lastKnownFileType = sourcecode.c.objc; path = YJWRecommendController.m; sourceTree = "<group>"; };
		61DB392E1E838716005F272F /* YJWVideoController.h */ = {isa = PBXFileReference; fileEncoding = 4; lastKnownFileType = sourcecode.c.h; path = YJWVideoController.h; sourceTree = "<group>"; };
		61DB392F1E838716005F272F /* YJWVideoController.m */ = {isa = PBXFileReference; fileEncoding = 4; lastKnownFileType = sourcecode.c.objc; path = YJWVideoController.m; sourceTree = "<group>"; };
		61DB39311E838726005F272F /* YJWPictureController.h */ = {isa = PBXFileReference; fileEncoding = 4; lastKnownFileType = sourcecode.c.h; path = YJWPictureController.h; sourceTree = "<group>"; };
		61DB39321E838726005F272F /* YJWPictureController.m */ = {isa = PBXFileReference; fileEncoding = 4; lastKnownFileType = sourcecode.c.objc; path = YJWPictureController.m; sourceTree = "<group>"; };
		61DB39341E838735005F272F /* YJWWordController.h */ = {isa = PBXFileReference; fileEncoding = 4; lastKnownFileType = sourcecode.c.h; path = YJWWordController.h; sourceTree = "<group>"; };
		61DB39351E838735005F272F /* YJWWordController.m */ = {isa = PBXFileReference; fileEncoding = 4; lastKnownFileType = sourcecode.c.objc; path = YJWWordController.m; sourceTree = "<group>"; };
		61DB39371E838FC2005F272F /* YJWPaiHangController.h */ = {isa = PBXFileReference; fileEncoding = 4; lastKnownFileType = sourcecode.c.h; path = YJWPaiHangController.h; sourceTree = "<group>"; };
		61DB39381E838FC2005F272F /* YJWPaiHangController.m */ = {isa = PBXFileReference; fileEncoding = 4; lastKnownFileType = sourcecode.c.objc; path = YJWPaiHangController.m; sourceTree = "<group>"; };
		61DB393A1E838FD3005F272F /* YJWSocietyController.h */ = {isa = PBXFileReference; fileEncoding = 4; lastKnownFileType = sourcecode.c.h; path = YJWSocietyController.h; sourceTree = "<group>"; };
		61DB393B1E838FD3005F272F /* YJWSocietyController.m */ = {isa = PBXFileReference; fileEncoding = 4; lastKnownFileType = sourcecode.c.objc; path = YJWSocietyController.m; sourceTree = "<group>"; };
		61DB393D1E838FF0005F272F /* YJWBeautyController.h */ = {isa = PBXFileReference; fileEncoding = 4; lastKnownFileType = sourcecode.c.h; path = YJWBeautyController.h; sourceTree = "<group>"; };
		61DB393E1E838FF0005F272F /* YJWBeautyController.m */ = {isa = PBXFileReference; fileEncoding = 4; lastKnownFileType = sourcecode.c.objc; path = YJWBeautyController.m; sourceTree = "<group>"; };
		61DB39401E839001005F272F /* YJWGameController.h */ = {isa = PBXFileReference; fileEncoding = 4; lastKnownFileType = sourcecode.c.h; path = YJWGameController.h; sourceTree = "<group>"; };
		61DB39411E839001005F272F /* YJWGameController.m */ = {isa = PBXFileReference; fileEncoding = 4; lastKnownFileType = sourcecode.c.objc; path = YJWGameController.m; sourceTree = "<group>"; };
		61DB39431E839011005F272F /* YJWNetHotController.h */ = {isa = PBXFileReference; fileEncoding = 4; lastKnownFileType = sourcecode.c.h; path = YJWNetHotController.h; sourceTree = "<group>"; };
		61DB39441E839011005F272F /* YJWNetHotController.m */ = {isa = PBXFileReference; fileEncoding = 4; lastKnownFileType = sourcecode.c.objc; path = YJWNetHotController.m; sourceTree = "<group>"; };
		61EB8A0B1E8A73DB00533E5B /* NSCalendar+YJWExtension.h */ = {isa = PBXFileReference; fileEncoding = 4; lastKnownFileType = sourcecode.c.h; path = "NSCalendar+YJWExtension.h"; sourceTree = "<group>"; };
		61EB8A0C1E8A73DB00533E5B /* NSCalendar+YJWExtension.m */ = {isa = PBXFileReference; fileEncoding = 4; lastKnownFileType = sourcecode.c.objc; path = "NSCalendar+YJWExtension.m"; sourceTree = "<group>"; };
		61EB8A0E1E8AAC4500533E5B /* NSDate+YJWExtension.h */ = {isa = PBXFileReference; fileEncoding = 4; lastKnownFileType = sourcecode.c.h; path = "NSDate+YJWExtension.h"; sourceTree = "<group>"; };
		61EB8A0F1E8AAC4500533E5B /* NSDate+YJWExtension.m */ = {isa = PBXFileReference; fileEncoding = 4; lastKnownFileType = sourcecode.c.objc; path = "NSDate+YJWExtension.m"; sourceTree = "<group>"; };
		61EB8A111E8BB4EC00533E5B /* YJWUser.h */ = {isa = PBXFileReference; fileEncoding = 4; lastKnownFileType = sourcecode.c.h; path = YJWUser.h; sourceTree = "<group>"; };
		61EB8A121E8BB4EC00533E5B /* YJWUser.m */ = {isa = PBXFileReference; fileEncoding = 4; lastKnownFileType = sourcecode.c.objc; path = YJWUser.m; sourceTree = "<group>"; };
		61EB8A141E8BB54E00533E5B /* YJWComment.h */ = {isa = PBXFileReference; fileEncoding = 4; lastKnownFileType = sourcecode.c.h; path = YJWComment.h; sourceTree = "<group>"; };
		61EB8A151E8BB54E00533E5B /* YJWComment.m */ = {isa = PBXFileReference; fileEncoding = 4; lastKnownFileType = sourcecode.c.objc; path = YJWComment.m; sourceTree = "<group>"; };
		61EB8A171E8D39D800533E5B /* YJWExtensionConfig.h */ = {isa = PBXFileReference; fileEncoding = 4; lastKnownFileType = sourcecode.c.h; path = YJWExtensionConfig.h; sourceTree = "<group>"; };
		61EB8A181E8D39D800533E5B /* YJWExtensionConfig.m */ = {isa = PBXFileReference; fileEncoding = 4; lastKnownFileType = sourcecode.c.objc; path = YJWExtensionConfig.m; sourceTree = "<group>"; };
		61F33FBB1E84CFCA00E3003A /* YJWTopic.h */ = {isa = PBXFileReference; fileEncoding = 4; lastKnownFileType = sourcecode.c.h; path = YJWTopic.h; sourceTree = "<group>"; };
		61F33FBC1E84CFCA00E3003A /* YJWTopic.m */ = {isa = PBXFileReference; fileEncoding = 4; lastKnownFileType = sourcecode.c.objc; path = YJWTopic.m; sourceTree = "<group>"; };
		61F33FBE1E86195700E3003A /* YJWHeader.h */ = {isa = PBXFileReference; fileEncoding = 4; lastKnownFileType = sourcecode.c.h; path = YJWHeader.h; sourceTree = "<group>"; };
		61F33FBF1E86195700E3003A /* YJWHeader.m */ = {isa = PBXFileReference; fileEncoding = 4; lastKnownFileType = sourcecode.c.objc; path = YJWHeader.m; sourceTree = "<group>"; };
		61F33FC11E86197A00E3003A /* YJWFooter.h */ = {isa = PBXFileReference; fileEncoding = 4; lastKnownFileType = sourcecode.c.h; path = YJWFooter.h; sourceTree = "<group>"; };
		61F33FC21E86197A00E3003A /* YJWFooter.m */ = {isa = PBXFileReference; fileEncoding = 4; lastKnownFileType = sourcecode.c.objc; path = YJWFooter.m; sourceTree = "<group>"; };
		61F33FC41E866ECA00E3003A /* YJWHttpSessionManager.h */ = {isa = PBXFileReference; fileEncoding = 4; lastKnownFileType = sourcecode.c.h; path = YJWHttpSessionManager.h; sourceTree = "<group>"; };
		61F33FC51E866ECA00E3003A /* YJWHttpSessionManager.m */ = {isa = PBXFileReference; fileEncoding = 4; lastKnownFileType = sourcecode.c.objc; path = YJWHttpSessionManager.m; sourceTree = "<group>"; };
		61F33FCC1E86A98A00E3003A /* YJWTopicCell.h */ = {isa = PBXFileReference; fileEncoding = 4; lastKnownFileType = sourcecode.c.h; path = YJWTopicCell.h; sourceTree = "<group>"; };
		61F33FCD1E86A98A00E3003A /* YJWTopicCell.m */ = {isa = PBXFileReference; fileEncoding = 4; lastKnownFileType = sourcecode.c.objc; path = YJWTopicCell.m; sourceTree = "<group>"; };
		61F33FCE1E86A98A00E3003A /* YJWTopicCell.xib */ = {isa = PBXFileReference; fileEncoding = 4; lastKnownFileType = file.xib; path = YJWTopicCell.xib; sourceTree = "<group>"; };
		A5681A6AA0F1A290AAEBE014 /* libPods-百思不得骑马强化UITests.a */ = {isa = PBXFileReference; explicitFileType = archive.ar; includeInIndex = 0; path = "libPods-百思不得骑马强化UITests.a"; sourceTree = BUILT_PRODUCTS_DIR; };
		CCC64A9BA4D4443D25118460 /* Pods-百思不得骑马强化.release.xcconfig */ = {isa = PBXFileReference; includeInIndex = 1; lastKnownFileType = text.xcconfig; name = "Pods-百思不得骑马强化.release.xcconfig"; path = "Pods/Target Support Files/Pods-百思不得骑马强化/Pods-百思不得骑马强化.release.xcconfig"; sourceTree = "<group>"; };
		D47974799048410BFF7D8982 /* Pods-百思不得骑马强化.debug.xcconfig */ = {isa = PBXFileReference; includeInIndex = 1; lastKnownFileType = text.xcconfig; name = "Pods-百思不得骑马强化.debug.xcconfig"; path = "Pods/Target Support Files/Pods-百思不得骑马强化/Pods-百思不得骑马强化.debug.xcconfig"; sourceTree = "<group>"; };
/* End PBXFileReference section */

/* Begin PBXFrameworksBuildPhase section */
		616A40131DAC8D3500B28F0D /* Frameworks */ = {
			isa = PBXFrameworksBuildPhase;
			buildActionMask = 2147483647;
			files = (
				0AA8DAFB9D6D8B0CF5D8CDE2 /* libPods-百思不得骑马强化.a in Frameworks */,
			);
			runOnlyForDeploymentPostprocessing = 0;
		};
		616A402C1DAC8D3500B28F0D /* Frameworks */ = {
			isa = PBXFrameworksBuildPhase;
			buildActionMask = 2147483647;
			files = (
				DA7CC456A636D1C907254736 /* libPods-百思不得骑马强化UITests.a in Frameworks */,
			);
			runOnlyForDeploymentPostprocessing = 0;
		};
/* End PBXFrameworksBuildPhase section */

/* Begin PBXGroup section */
		616A400D1DAC8D3500B28F0D = {
			isa = PBXGroup;
			children = (
				616A40181DAC8D3500B28F0D /* 百思不得骑马强化 */,
				616A40321DAC8D3500B28F0D /* 百思不得骑马强化UITests */,
				616A40171DAC8D3500B28F0D /* Products */,
				C4B920861B8ECD162512B9EE /* Pods */,
				74F9C0DF7683640977232E96 /* Frameworks */,
			);
			sourceTree = "<group>";
		};
		616A40171DAC8D3500B28F0D /* Products */ = {
			isa = PBXGroup;
			children = (
				616A40161DAC8D3500B28F0D /* 百思不得骑马强化.app */,
				616A402F1DAC8D3500B28F0D /* 百思不得骑马强化UITests.xctest */,
			);
			name = Products;
			sourceTree = "<group>";
		};
		616A40181DAC8D3500B28F0D /* 百思不得骑马强化 */ = {
			isa = PBXGroup;
			children = (
				61BE36E41DE83DF2000758C7 /* Classes */,
				616A40191DAC8D3500B28F0D /* Supporting Files */,
			);
			path = "百思不得骑马强化";
			sourceTree = "<group>";
		};
		616A40191DAC8D3500B28F0D /* Supporting Files */ = {
			isa = PBXGroup;
			children = (
				616A40221DAC8D3500B28F0D /* Main.storyboard */,
				616A40251DAC8D3500B28F0D /* Assets.xcassets */,
				616A40271DAC8D3500B28F0D /* LaunchScreen.storyboard */,
				616A402A1DAC8D3500B28F0D /* Info.plist */,
				616A401A1DAC8D3500B28F0D /* main.m */,
			);
			name = "Supporting Files";
			sourceTree = "<group>";
		};
		616A40321DAC8D3500B28F0D /* 百思不得骑马强化UITests */ = {
			isa = PBXGroup;
			children = (
				616A40331DAC8D3500B28F0D /* ________UITests.m */,
				616A40351DAC8D3500B28F0D /* Info.plist */,
			);
			path = "百思不得骑马强化UITests";
			sourceTree = "<group>";
		};
		61BE36E41DE83DF2000758C7 /* Classes */ = {
			isa = PBXGroup;
			children = (
				61BE36E51DE83DF2000758C7 /* Essence */,
				61BE36F71DE83DF2000758C7 /* New */,
				61BE36EB1DE83DF2000758C7 /* Friend */,
				61BE36F11DE83DF2000758C7 /* Me */,
				61BE36FD1DE83DF2000758C7 /* Other */,
			);
			path = Classes;
			sourceTree = "<group>";
		};
		61BE36E51DE83DF2000758C7 /* Essence */ = {
			isa = PBXGroup;
			children = (
				61BE36E61DE83DF2000758C7 /* Controller */,
				61BE36E91DE83DF2000758C7 /* Model */,
				61BE36EA1DE83DF2000758C7 /* View */,
			);
			path = Essence;
			sourceTree = "<group>";
		};
		61BE36E61DE83DF2000758C7 /* Controller */ = {
			isa = PBXGroup;
			children = (
				61BE36E71DE83DF2000758C7 /* YJWEssenceViewController.h */,
				61BE36E81DE83DF2000758C7 /* YJWEssenceViewController.m */,
				61DB392B1E838703005F272F /* YJWRecommendController.h */,
				61DB392C1E838703005F272F /* YJWRecommendController.m */,
				61DB392E1E838716005F272F /* YJWVideoController.h */,
				61DB392F1E838716005F272F /* YJWVideoController.m */,
				61DB39311E838726005F272F /* YJWPictureController.h */,
				61DB39321E838726005F272F /* YJWPictureController.m */,
				61DB39341E838735005F272F /* YJWWordController.h */,
				61DB39351E838735005F272F /* YJWWordController.m */,
				613E1FC91E9B93A50068AEA9 /* YJWAudioController.h */,
				613E1FCA1E9B93A50068AEA9 /* YJWAudioController.m */,
				61DB39371E838FC2005F272F /* YJWPaiHangController.h */,
				61DB39381E838FC2005F272F /* YJWPaiHangController.m */,
				61DB393A1E838FD3005F272F /* YJWSocietyController.h */,
				61DB393B1E838FD3005F272F /* YJWSocietyController.m */,
				61DB393D1E838FF0005F272F /* YJWBeautyController.h */,
				61DB393E1E838FF0005F272F /* YJWBeautyController.m */,
				61DB39401E839001005F272F /* YJWGameController.h */,
				61DB39411E839001005F272F /* YJWGameController.m */,
				61DB39431E839011005F272F /* YJWNetHotController.h */,
				61DB39441E839011005F272F /* YJWNetHotController.m */,
				614402431E9CF4D900696DB3 /* YJWTopicViewController.h */,
				614402441E9CF4D900696DB3 /* YJWTopicViewController.m */,
				6113D7CE1EA0C23B005D2DC1 /* YJWSeeBigController.h */,
				6113D7CF1EA0C23B005D2DC1 /* YJWSeeBigController.m */,
				6113D7D01EA0C23B005D2DC1 /* YJWSeeBigController.xib */,
			);
			path = Controller;
			sourceTree = "<group>";
		};
		61BE36E91DE83DF2000758C7 /* Model */ = {
			isa = PBXGroup;
			children = (
				61F33FBB1E84CFCA00E3003A /* YJWTopic.h */,
				61F33FBC1E84CFCA00E3003A /* YJWTopic.m */,
				61EB8A111E8BB4EC00533E5B /* YJWUser.h */,
				61EB8A121E8BB4EC00533E5B /* YJWUser.m */,
				61EB8A141E8BB54E00533E5B /* YJWComment.h */,
				61EB8A151E8BB54E00533E5B /* YJWComment.m */,
			);
			path = Model;
			sourceTree = "<group>";
		};
		61BE36EA1DE83DF2000758C7 /* View */ = {
			isa = PBXGroup;
			children = (
				61DB39281E837D6F005F272F /* YJWTitleButton.h */,
				61DB39291E837D6F005F272F /* YJWTitleButton.m */,
				61F33FCC1E86A98A00E3003A /* YJWTopicCell.h */,
				61F33FCD1E86A98A00E3003A /* YJWTopicCell.m */,
				61F33FCE1E86A98A00E3003A /* YJWTopicCell.xib */,
				613E1FC31E9B92680068AEA9 /* YJWPictureView.h */,
				613E1FC41E9B92680068AEA9 /* YJWPictureView.m */,
				613E1FD11E9B93DE0068AEA9 /* YJWPictureView.xib */,
				613E1FC61E9B927A0068AEA9 /* YJWAudioView.h */,
				613E1FC71E9B927A0068AEA9 /* YJWAudioView.m */,
				613E1FCF1E9B93D30068AEA9 /* YJWAudioView.xib */,
				613E1FCC1E9B93C70068AEA9 /* YJWVideoView.h */,
				613E1FCD1E9B93C70068AEA9 /* YJWVideoView.m */,
				613E1FD31E9B93EC0068AEA9 /* YJWVideoView.xib */,
			);
			path = View;
			sourceTree = "<group>";
		};
		61BE36EB1DE83DF2000758C7 /* Friend */ = {
			isa = PBXGroup;
			children = (
				61BE36EC1DE83DF2000758C7 /* Controller */,
				61BE36EF1DE83DF2000758C7 /* Model */,
				61BE36F01DE83DF2000758C7 /* View */,
			);
			path = Friend;
			sourceTree = "<group>";
		};
		61BE36EC1DE83DF2000758C7 /* Controller */ = {
			isa = PBXGroup;
			children = (
				61BE36ED1DE83DF2000758C7 /* YJWFriendViewController.h */,
				61BE36EE1DE83DF2000758C7 /* YJWFriendViewController.m */,
				61734F381E7A442B00A8A037 /* YJWFriendViewController.xib */,
				61734F321E79733900A8A037 /* YJWRecommendViewController.h */,
				61734F331E79733900A8A037 /* YJWRecommendViewController.m */,
			);
			path = Controller;
			sourceTree = "<group>";
		};
		61BE36EF1DE83DF2000758C7 /* Model */ = {
			isa = PBXGroup;
			children = (
			);
			path = Model;
			sourceTree = "<group>";
		};
		61BE36F01DE83DF2000758C7 /* View */ = {
			isa = PBXGroup;
			children = (
			);
			path = View;
			sourceTree = "<group>";
		};
		61BE36F11DE83DF2000758C7 /* Me */ = {
			isa = PBXGroup;
			children = (
				61BE36F21DE83DF2000758C7 /* Controller */,
				61BE36F51DE83DF2000758C7 /* Model */,
				61BE36F61DE83DF2000758C7 /* View */,
			);
			path = Me;
			sourceTree = "<group>";
		};
		61BE36F21DE83DF2000758C7 /* Controller */ = {
			isa = PBXGroup;
			children = (
				61BE36F31DE83DF2000758C7 /* YJWMeViewController.h */,
				61BE36F41DE83DF2000758C7 /* YJWMeViewController.m */,
				61734F2F1E796E5E00A8A037 /* YJWSettingViewController.h */,
				61734F301E796E5E00A8A037 /* YJWSettingViewController.m */,
				61ADB4DF1E80D24F00758001 /* YJWWebViewController.h */,
				61ADB4E01E80D24F00758001 /* YJWWebViewController.m */,
				61ADB4E11E80D24F00758001 /* YJWWebViewController.xib */,
			);
			path = Controller;
			sourceTree = "<group>";
		};
		61BE36F51DE83DF2000758C7 /* Model */ = {
			isa = PBXGroup;
			children = (
				61C930F41E7FC8A5004CEC61 /* YJWMeSquare.h */,
				61C930F51E7FC8A5004CEC61 /* YJWMeSquare.m */,
			);
			path = Model;
			sourceTree = "<group>";
		};
		61BE36F61DE83DF2000758C7 /* View */ = {
			isa = PBXGroup;
			children = (
				616625351E7EC4B4005460A8 /* YJWMeCell.h */,
				616625361E7EC4B4005460A8 /* YJWMeCell.m */,
				616625381E7F856A005460A8 /* YJWFooterView.h */,
				616625391E7F856A005460A8 /* YJWFooterView.m */,
				61C930F71E7FDEB2004CEC61 /* YJWSquareButton.h */,
				61C930F81E7FDEB2004CEC61 /* YJWSquareButton.m */,
				61DB391A1E820380005F272F /* YJWClearCacheCell.h */,
				61DB391B1E820380005F272F /* YJWClearCacheCell.m */,
				61DB39201E82AE7C005F272F /* YJWSettingCell.h */,
				61DB39211E82AE7C005F272F /* YJWSettingCell.m */,
				61DB39231E82AECD005F272F /* YJWSettingOtherCell.h */,
				61DB39241E82AECD005F272F /* YJWSettingOtherCell.m */,
				61DB39251E82AECD005F272F /* YJWSettingOtherCell.xib */,
			);
			path = View;
			sourceTree = "<group>";
		};
		61BE36F71DE83DF2000758C7 /* New */ = {
			isa = PBXGroup;
			children = (
				61BE36F81DE83DF2000758C7 /* Controller */,
				61BE36FB1DE83DF2000758C7 /* Model */,
				61BE36FC1DE83DF2000758C7 /* View */,
			);
			path = New;
			sourceTree = "<group>";
		};
		61BE36F81DE83DF2000758C7 /* Controller */ = {
			isa = PBXGroup;
			children = (
				61BE36F91DE83DF2000758C7 /* YJWNewViewController.h */,
				61BE36FA1DE83DF2000758C7 /* YJWNewViewController.m */,
			);
			path = Controller;
			sourceTree = "<group>";
		};
		61BE36FB1DE83DF2000758C7 /* Model */ = {
			isa = PBXGroup;
			children = (
			);
			path = Model;
			sourceTree = "<group>";
		};
		61BE36FC1DE83DF2000758C7 /* View */ = {
			isa = PBXGroup;
			children = (
			);
			path = View;
			sourceTree = "<group>";
		};
		61BE36FD1DE83DF2000758C7 /* Other */ = {
			isa = PBXGroup;
			children = (
				61BE37001DE83DF2000758C7 /* Category */,
				61BE37031DE83DF2000758C7 /* Controller */,
				61BE37081DE83DF2000758C7 /* View */,
				61BE36FE1DE83DF2000758C7 /* AppDelegate.h */,
				61BE36FF1DE83DF2000758C7 /* AppDelegate.m */,
				616625321E7EBE91005460A8 /* YJWConst.h */,
				616625331E7EBE91005460A8 /* YJWConst.m */,
				61BE37071DE83DF2000758C7 /* PrefixHeader.pch */,
				61F33FC41E866ECA00E3003A /* YJWHttpSessionManager.h */,
				61F33FC51E866ECA00E3003A /* YJWHttpSessionManager.m */,
				61EB8A171E8D39D800533E5B /* YJWExtensionConfig.h */,
				61EB8A181E8D39D800533E5B /* YJWExtensionConfig.m */,
			);
			path = Other;
			sourceTree = "<group>";
		};
		61BE37001DE83DF2000758C7 /* Category */ = {
			isa = PBXGroup;
			children = (
				61BE37011DE83DF2000758C7 /* UIView+YJWExtension.h */,
				61BE37021DE83DF2000758C7 /* UIView+YJWExtension.m */,
				61734F2C1E790AB000A8A037 /* UIBarButtonItem+YJWExtension.h */,
				61734F2D1E790AB000A8A037 /* UIBarButtonItem+YJWExtension.m */,
				61DB391D1E8203D4005F272F /* NSString+YJWExtension.h */,
				61DB391E1E8203D4005F272F /* NSString+YJWExtension.m */,
				61EB8A0B1E8A73DB00533E5B /* NSCalendar+YJWExtension.h */,
				61EB8A0C1E8A73DB00533E5B /* NSCalendar+YJWExtension.m */,
				61EB8A0E1E8AAC4500533E5B /* NSDate+YJWExtension.h */,
				61EB8A0F1E8AAC4500533E5B /* NSDate+YJWExtension.m */,
			);
			path = Category;
			sourceTree = "<group>";
		};
		61BE37031DE83DF2000758C7 /* Controller */ = {
			isa = PBXGroup;
			children = (
				61BE37041DE83DF2000758C7 /* YJWTabBarController.h */,
				61BE37051DE83DF2000758C7 /* YJWTabBarController.m */,
				61734F351E79791E00A8A037 /* YJWNavigationController.h */,
				61734F361E79791E00A8A037 /* YJWNavigationController.m */,
				61734F3A1E7A4F6300A8A037 /* YJWLoginRegisterViewController.h */,
				61734F3B1E7A4F6300A8A037 /* YJWLoginRegisterViewController.m */,
				61734F3F1E7A51A400A8A037 /* YJWLoginRegisterViewController.xib */,
			);
			path = Controller;
			sourceTree = "<group>";
		};
		61BE37081DE83DF2000758C7 /* View */ = {
			isa = PBXGroup;
			children = (
				61734F411E7A70EA00A8A037 /* YJWTabBar.h */,
				61734F421E7A70EA00A8A037 /* YJWTabBar.m */,
				61734F441E7A70FF00A8A037 /* YJWButton.h */,
				61734F451E7A70FF00A8A037 /* YJWButton.m */,
				61734F471E7ACDC500A8A037 /* YJWLoginRegisterTextField.h */,
				61734F481E7ACDC500A8A037 /* YJWLoginRegisterTextField.m */,
				61F33FBE1E86195700E3003A /* YJWHeader.h */,
				61F33FBF1E86195700E3003A /* YJWHeader.m */,
				61F33FC11E86197A00E3003A /* YJWFooter.h */,
				61F33FC21E86197A00E3003A /* YJWFooter.m */,
			);
			path = View;
			sourceTree = "<group>";
		};
		74F9C0DF7683640977232E96 /* Frameworks */ = {
			isa = PBXGroup;
			children = (
				0EFEB65BF6DFE7B5C7845505 /* libPods-百思不得骑马强化.a */,
				A5681A6AA0F1A290AAEBE014 /* libPods-百思不得骑马强化UITests.a */,
			);
			name = Frameworks;
			sourceTree = "<group>";
		};
		C4B920861B8ECD162512B9EE /* Pods */ = {
			isa = PBXGroup;
			children = (
				D47974799048410BFF7D8982 /* Pods-百思不得骑马强化.debug.xcconfig */,
				CCC64A9BA4D4443D25118460 /* Pods-百思不得骑马强化.release.xcconfig */,
				0C65B51768A6C59C09342CAD /* Pods-百思不得骑马强化UITests.debug.xcconfig */,
				156076910FE246B74B19EC99 /* Pods-百思不得骑马强化UITests.release.xcconfig */,
			);
			name = Pods;
			sourceTree = "<group>";
		};
/* End PBXGroup section */

/* Begin PBXNativeTarget section */
		616A40151DAC8D3500B28F0D /* 百思不得骑马强化 */ = {
			isa = PBXNativeTarget;
			buildConfigurationList = 616A40381DAC8D3500B28F0D /* Build configuration list for PBXNativeTarget "百思不得骑马强化" */;
			buildPhases = (
				5B40D552D1D7310822177A88 /* [CP] Check Pods Manifest.lock */,
				616A40121DAC8D3500B28F0D /* Sources */,
				616A40131DAC8D3500B28F0D /* Frameworks */,
				616A40141DAC8D3500B28F0D /* Resources */,
				06DEA65B19B352544AD23F81 /* [CP] Embed Pods Frameworks */,
				1F77793FF7DB99E1E8115031 /* [CP] Copy Pods Resources */,
			);
			buildRules = (
			);
			dependencies = (
			);
			name = "百思不得骑马强化";
			productName = "百思不得骑马强化";
			productReference = 616A40161DAC8D3500B28F0D /* 百思不得骑马强化.app */;
			productType = "com.apple.product-type.application";
		};
		616A402E1DAC8D3500B28F0D /* 百思不得骑马强化UITests */ = {
			isa = PBXNativeTarget;
			buildConfigurationList = 616A403B1DAC8D3500B28F0D /* Build configuration list for PBXNativeTarget "百思不得骑马强化UITests" */;
			buildPhases = (
				20551F2F607CEB6634FE841F /* [CP] Check Pods Manifest.lock */,
				616A402B1DAC8D3500B28F0D /* Sources */,
				616A402C1DAC8D3500B28F0D /* Frameworks */,
				616A402D1DAC8D3500B28F0D /* Resources */,
				771CC955786B002EA62D2EF6 /* [CP] Embed Pods Frameworks */,
				EF64B0FF8FBB27C2FD138378 /* [CP] Copy Pods Resources */,
			);
			buildRules = (
			);
			dependencies = (
				616A40311DAC8D3500B28F0D /* PBXTargetDependency */,
			);
			name = "百思不得骑马强化UITests";
			productName = "百思不得骑马强化UITests";
			productReference = 616A402F1DAC8D3500B28F0D /* 百思不得骑马强化UITests.xctest */;
			productType = "com.apple.product-type.bundle.ui-testing";
		};
/* End PBXNativeTarget section */

/* Begin PBXProject section */
		616A400E1DAC8D3500B28F0D /* Project object */ = {
			isa = PBXProject;
			attributes = {
				CLASSPREFIX = YJW;
				LastUpgradeCheck = 0820;
				ORGANIZATIONNAME = yijiang;
				TargetAttributes = {
					616A40151DAC8D3500B28F0D = {
						CreatedOnToolsVersion = 8.0;
						DevelopmentTeam = YSSKH42VUK;
						ProvisioningStyle = Automatic;
					};
					616A402E1DAC8D3500B28F0D = {
						CreatedOnToolsVersion = 8.0;
						DevelopmentTeam = YSSKH42VUK;
						ProvisioningStyle = Automatic;
						TestTargetID = 616A40151DAC8D3500B28F0D;
					};
				};
			};
			buildConfigurationList = 616A40111DAC8D3500B28F0D /* Build configuration list for PBXProject "百思不得骑马强化" */;
			compatibilityVersion = "Xcode 3.2";
			developmentRegion = English;
			hasScannedForEncodings = 0;
			knownRegions = (
				en,
				Base,
			);
			mainGroup = 616A400D1DAC8D3500B28F0D;
			productRefGroup = 616A40171DAC8D3500B28F0D /* Products */;
			projectDirPath = "";
			projectRoot = "";
			targets = (
				616A40151DAC8D3500B28F0D /* 百思不得骑马强化 */,
				616A402E1DAC8D3500B28F0D /* 百思不得骑马强化UITests */,
			);
		};
/* End PBXProject section */

/* Begin PBXResourcesBuildPhase section */
		616A40141DAC8D3500B28F0D /* Resources */ = {
			isa = PBXResourcesBuildPhase;
			buildActionMask = 2147483647;
			files = (
				61734F401E7A51A400A8A037 /* YJWLoginRegisterViewController.xib in Resources */,
				61DB39271E82AECD005F272F /* YJWSettingOtherCell.xib in Resources */,
				613E1FD21E9B93DE0068AEA9 /* YJWPictureView.xib in Resources */,
				61F33FD01E86A98A00E3003A /* YJWTopicCell.xib in Resources */,
				613E1FD01E9B93D30068AEA9 /* YJWAudioView.xib in Resources */,
				6113D7D21EA0C23B005D2DC1 /* YJWSeeBigController.xib in Resources */,
				616A40291DAC8D3500B28F0D /* LaunchScreen.storyboard in Resources */,
				61ADB4E31E80D24F00758001 /* YJWWebViewController.xib in Resources */,
				61734F391E7A442B00A8A037 /* YJWFriendViewController.xib in Resources */,
				616A40261DAC8D3500B28F0D /* Assets.xcassets in Resources */,
				613E1FD41E9B93EC0068AEA9 /* YJWVideoView.xib in Resources */,
				616A40241DAC8D3500B28F0D /* Main.storyboard in Resources */,
			);
			runOnlyForDeploymentPostprocessing = 0;
		};
		616A402D1DAC8D3500B28F0D /* Resources */ = {
			isa = PBXResourcesBuildPhase;
			buildActionMask = 2147483647;
			files = (
			);
			runOnlyForDeploymentPostprocessing = 0;
		};
/* End PBXResourcesBuildPhase section */

/* Begin PBXShellScriptBuildPhase section */
		06DEA65B19B352544AD23F81 /* [CP] Embed Pods Frameworks */ = {
			isa = PBXShellScriptBuildPhase;
			buildActionMask = 2147483647;
			files = (
			);
			inputPaths = (
			);
			name = "[CP] Embed Pods Frameworks";
			outputPaths = (
			);
			runOnlyForDeploymentPostprocessing = 0;
			shellPath = /bin/sh;
			shellScript = "\"${SRCROOT}/Pods/Target Support Files/Pods-百思不得骑马强化/Pods-百思不得骑马强化-frameworks.sh\"\n";
			showEnvVarsInLog = 0;
		};
		1F77793FF7DB99E1E8115031 /* [CP] Copy Pods Resources */ = {
			isa = PBXShellScriptBuildPhase;
			buildActionMask = 2147483647;
			files = (
			);
			inputPaths = (
			);
			name = "[CP] Copy Pods Resources";
			outputPaths = (
			);
			runOnlyForDeploymentPostprocessing = 0;
			shellPath = /bin/sh;
			shellScript = "\"${SRCROOT}/Pods/Target Support Files/Pods-百思不得骑马强化/Pods-百思不得骑马强化-resources.sh\"\n";
			showEnvVarsInLog = 0;
		};
		20551F2F607CEB6634FE841F /* [CP] Check Pods Manifest.lock */ = {
			isa = PBXShellScriptBuildPhase;
			buildActionMask = 2147483647;
			files = (
			);
			inputPaths = (
			);
			name = "[CP] Check Pods Manifest.lock";
			outputPaths = (
			);
			runOnlyForDeploymentPostprocessing = 0;
			shellPath = /bin/sh;
			shellScript = "diff \"${PODS_ROOT}/../Podfile.lock\" \"${PODS_ROOT}/Manifest.lock\" > /dev/null\nif [ $? != 0 ] ; then\n    # print error to STDERR\n    echo \"error: The sandbox is not in sync with the Podfile.lock. Run 'pod install' or update your CocoaPods installation.\" >&2\n    exit 1\nfi\n";
			showEnvVarsInLog = 0;
		};
		5B40D552D1D7310822177A88 /* [CP] Check Pods Manifest.lock */ = {
			isa = PBXShellScriptBuildPhase;
			buildActionMask = 2147483647;
			files = (
			);
			inputPaths = (
			);
			name = "[CP] Check Pods Manifest.lock";
			outputPaths = (
			);
			runOnlyForDeploymentPostprocessing = 0;
			shellPath = /bin/sh;
			shellScript = "diff \"${PODS_ROOT}/../Podfile.lock\" \"${PODS_ROOT}/Manifest.lock\" > /dev/null\nif [ $? != 0 ] ; then\n    # print error to STDERR\n    echo \"error: The sandbox is not in sync with the Podfile.lock. Run 'pod install' or update your CocoaPods installation.\" >&2\n    exit 1\nfi\n";
			showEnvVarsInLog = 0;
		};
		771CC955786B002EA62D2EF6 /* [CP] Embed Pods Frameworks */ = {
			isa = PBXShellScriptBuildPhase;
			buildActionMask = 2147483647;
			files = (
			);
			inputPaths = (
			);
			name = "[CP] Embed Pods Frameworks";
			outputPaths = (
			);
			runOnlyForDeploymentPostprocessing = 0;
			shellPath = /bin/sh;
			shellScript = "\"${SRCROOT}/Pods/Target Support Files/Pods-百思不得骑马强化UITests/Pods-百思不得骑马强化UITests-frameworks.sh\"\n";
			showEnvVarsInLog = 0;
		};
		EF64B0FF8FBB27C2FD138378 /* [CP] Copy Pods Resources */ = {
			isa = PBXShellScriptBuildPhase;
			buildActionMask = 2147483647;
			files = (
			);
			inputPaths = (
			);
			name = "[CP] Copy Pods Resources";
			outputPaths = (
			);
			runOnlyForDeploymentPostprocessing = 0;
			shellPath = /bin/sh;
			shellScript = "\"${SRCROOT}/Pods/Target Support Files/Pods-百思不得骑马强化UITests/Pods-百思不得骑马强化UITests-resources.sh\"\n";
			showEnvVarsInLog = 0;
		};
/* End PBXShellScriptBuildPhase section */

/* Begin PBXSourcesBuildPhase section */
		616A40121DAC8D3500B28F0D /* Sources */ = {
			isa = PBXSourcesBuildPhase;
			buildActionMask = 2147483647;
			files = (
				61DB39261E82AECD005F272F /* YJWSettingOtherCell.m in Sources */,
				61734F371E79791E00A8A037 /* YJWNavigationController.m in Sources */,
				61DB39361E838735005F272F /* YJWWordController.m in Sources */,
				61C930F61E7FC8A5004CEC61 /* YJWMeSquare.m in Sources */,
				61F33FC31E86197A00E3003A /* YJWFooter.m in Sources */,
				6113D7D11EA0C23B005D2DC1 /* YJWSeeBigController.m in Sources */,
				61ADB4E21E80D24F00758001 /* YJWWebViewController.m in Sources */,
				61BE370B1DE83DF2000758C7 /* YJWEssenceViewController.m in Sources */,
				61DB391F1E8203D4005F272F /* NSString+YJWExtension.m in Sources */,
				61DB39391E838FC2005F272F /* YJWPaiHangController.m in Sources */,
				616A401B1DAC8D3500B28F0D /* main.m in Sources */,
				61DB393C1E838FD3005F272F /* YJWSocietyController.m in Sources */,
				61DB39331E838726005F272F /* YJWPictureController.m in Sources */,
				61EB8A101E8AAC4500533E5B /* NSDate+YJWExtension.m in Sources */,
				61BE370F1DE83DF2000758C7 /* AppDelegate.m in Sources */,
				61C930F91E7FDEB2004CEC61 /* YJWSquareButton.m in Sources */,
				613E1FCE1E9B93C70068AEA9 /* YJWVideoView.m in Sources */,
				61BE37101DE83DF2000758C7 /* UIView+YJWExtension.m in Sources */,
				613E1FC81E9B927A0068AEA9 /* YJWAudioView.m in Sources */,
				614402451E9CF4D900696DB3 /* YJWTopicViewController.m in Sources */,
				616625341E7EBE91005460A8 /* YJWConst.m in Sources */,
				6166253A1E7F856A005460A8 /* YJWFooterView.m in Sources */,
				61BE370E1DE83DF2000758C7 /* YJWNewViewController.m in Sources */,
				61734F431E7A70EA00A8A037 /* YJWTabBar.m in Sources */,
				61EB8A191E8D39D800533E5B /* YJWExtensionConfig.m in Sources */,
				61734F491E7ACDC500A8A037 /* YJWLoginRegisterTextField.m in Sources */,
				61F33FBD1E84CFCA00E3003A /* YJWTopic.m in Sources */,
				61734F3C1E7A4F6300A8A037 /* YJWLoginRegisterViewController.m in Sources */,
				61EB8A161E8BB54E00533E5B /* YJWComment.m in Sources */,
				61BE37111DE83DF2000758C7 /* YJWTabBarController.m in Sources */,
				61F33FC61E866ECA00E3003A /* YJWHttpSessionManager.m in Sources */,
				61734F311E796E5E00A8A037 /* YJWSettingViewController.m in Sources */,
				61F33FC01E86195700E3003A /* YJWHeader.m in Sources */,
				61DB393F1E838FF0005F272F /* YJWBeautyController.m in Sources */,
				61734F2E1E790AB000A8A037 /* UIBarButtonItem+YJWExtension.m in Sources */,
				613E1FCB1E9B93A50068AEA9 /* YJWAudioController.m in Sources */,
				61DB39421E839001005F272F /* YJWGameController.m in Sources */,
				61DB392A1E837D6F005F272F /* YJWTitleButton.m in Sources */,
				613E1FC51E9B92680068AEA9 /* YJWPictureView.m in Sources */,
				61BE370C1DE83DF2000758C7 /* YJWFriendViewController.m in Sources */,
				61EB8A0D1E8A73DB00533E5B /* NSCalendar+YJWExtension.m in Sources */,
				61734F341E79733900A8A037 /* YJWRecommendViewController.m in Sources */,
				61DB39451E839011005F272F /* YJWNetHotController.m in Sources */,
				61DB39301E838716005F272F /* YJWVideoController.m in Sources */,
				61734F461E7A70FF00A8A037 /* YJWButton.m in Sources */,
				61DB392D1E838703005F272F /* YJWRecommendController.m in Sources */,
				616625371E7EC4B4005460A8 /* YJWMeCell.m in Sources */,
				61BE370D1DE83DF2000758C7 /* YJWMeViewController.m in Sources */,
				61F33FCF1E86A98A00E3003A /* YJWTopicCell.m in Sources */,
				61EB8A131E8BB4EC00533E5B /* YJWUser.m in Sources */,
				61DB391C1E820380005F272F /* YJWClearCacheCell.m in Sources */,
				61DB39221E82AE7C005F272F /* YJWSettingCell.m in Sources */,
			);
			runOnlyForDeploymentPostprocessing = 0;
		};
		616A402B1DAC8D3500B28F0D /* Sources */ = {
			isa = PBXSourcesBuildPhase;
			buildActionMask = 2147483647;
			files = (
				616A40341DAC8D3500B28F0D /* ________UITests.m in Sources */,
			);
			runOnlyForDeploymentPostprocessing = 0;
		};
/* End PBXSourcesBuildPhase section */

/* Begin PBXTargetDependency section */
		616A40311DAC8D3500B28F0D /* PBXTargetDependency */ = {
			isa = PBXTargetDependency;
			target = 616A40151DAC8D3500B28F0D /* 百思不得骑马强化 */;
			targetProxy = 616A40301DAC8D3500B28F0D /* PBXContainerItemProxy */;
		};
/* End PBXTargetDependency section */

/* Begin PBXVariantGroup section */
		616A40221DAC8D3500B28F0D /* Main.storyboard */ = {
			isa = PBXVariantGroup;
			children = (
				616A40231DAC8D3500B28F0D /* Base */,
			);
			name = Main.storyboard;
			sourceTree = "<group>";
		};
		616A40271DAC8D3500B28F0D /* LaunchScreen.storyboard */ = {
			isa = PBXVariantGroup;
			children = (
				616A40281DAC8D3500B28F0D /* Base */,
			);
			name = LaunchScreen.storyboard;
			sourceTree = "<group>";
		};
/* End PBXVariantGroup section */

/* Begin XCBuildConfiguration section */
		616A40361DAC8D3500B28F0D /* Debug */ = {
			isa = XCBuildConfiguration;
			buildSettings = {
				ALWAYS_SEARCH_USER_PATHS = NO;
				CLANG_ANALYZER_NONNULL = YES;
				CLANG_CXX_LANGUAGE_STANDARD = "gnu++0x";
				CLANG_CXX_LIBRARY = "libc++";
				CLANG_ENABLE_MODULES = YES;
				CLANG_ENABLE_OBJC_ARC = YES;
				CLANG_WARN_BOOL_CONVERSION = YES;
				CLANG_WARN_CONSTANT_CONVERSION = YES;
				CLANG_WARN_DIRECT_OBJC_ISA_USAGE = YES_ERROR;
				CLANG_WARN_DOCUMENTATION_COMMENTS = YES;
				CLANG_WARN_EMPTY_BODY = YES;
				CLANG_WARN_ENUM_CONVERSION = YES;
				CLANG_WARN_INFINITE_RECURSION = YES;
				CLANG_WARN_INT_CONVERSION = YES;
				CLANG_WARN_OBJC_ROOT_CLASS = YES_ERROR;
				CLANG_WARN_SUSPICIOUS_MOVE = YES;
				CLANG_WARN_SUSPICIOUS_MOVES = YES;
				CLANG_WARN_UNREACHABLE_CODE = YES;
				CLANG_WARN__DUPLICATE_METHOD_MATCH = YES;
				"CODE_SIGN_IDENTITY[sdk=iphoneos*]" = "iPhone Developer";
				COPY_PHASE_STRIP = NO;
				DEBUG_INFORMATION_FORMAT = dwarf;
				ENABLE_STRICT_OBJC_MSGSEND = YES;
				ENABLE_TESTABILITY = YES;
				GCC_C_LANGUAGE_STANDARD = gnu99;
				GCC_DYNAMIC_NO_PIC = NO;
				GCC_NO_COMMON_BLOCKS = YES;
				GCC_OPTIMIZATION_LEVEL = 0;
				GCC_PREPROCESSOR_DEFINITIONS = (
					"DEBUG=1",
					"$(inherited)",
				);
				GCC_WARN_64_TO_32_BIT_CONVERSION = YES;
				GCC_WARN_ABOUT_RETURN_TYPE = YES_ERROR;
				GCC_WARN_UNDECLARED_SELECTOR = YES;
				GCC_WARN_UNINITIALIZED_AUTOS = YES_AGGRESSIVE;
				GCC_WARN_UNUSED_FUNCTION = YES;
				GCC_WARN_UNUSED_VARIABLE = YES;
				IPHONEOS_DEPLOYMENT_TARGET = 8.3;
				MTL_ENABLE_DEBUG_INFO = YES;
				ONLY_ACTIVE_ARCH = YES;
				SDKROOT = iphoneos;
			};
			name = Debug;
		};
		616A40371DAC8D3500B28F0D /* Release */ = {
			isa = XCBuildConfiguration;
			buildSettings = {
				ALWAYS_SEARCH_USER_PATHS = NO;
				CLANG_ANALYZER_NONNULL = YES;
				CLANG_CXX_LANGUAGE_STANDARD = "gnu++0x";
				CLANG_CXX_LIBRARY = "libc++";
				CLANG_ENABLE_MODULES = YES;
				CLANG_ENABLE_OBJC_ARC = YES;
				CLANG_WARN_BOOL_CONVERSION = YES;
				CLANG_WARN_CONSTANT_CONVERSION = YES;
				CLANG_WARN_DIRECT_OBJC_ISA_USAGE = YES_ERROR;
				CLANG_WARN_DOCUMENTATION_COMMENTS = YES;
				CLANG_WARN_EMPTY_BODY = YES;
				CLANG_WARN_ENUM_CONVERSION = YES;
				CLANG_WARN_INFINITE_RECURSION = YES;
				CLANG_WARN_INT_CONVERSION = YES;
				CLANG_WARN_OBJC_ROOT_CLASS = YES_ERROR;
				CLANG_WARN_SUSPICIOUS_MOVE = YES;
				CLANG_WARN_SUSPICIOUS_MOVES = YES;
				CLANG_WARN_UNREACHABLE_CODE = YES;
				CLANG_WARN__DUPLICATE_METHOD_MATCH = YES;
				"CODE_SIGN_IDENTITY[sdk=iphoneos*]" = "iPhone Developer";
				COPY_PHASE_STRIP = NO;
				DEBUG_INFORMATION_FORMAT = "dwarf-with-dsym";
				ENABLE_NS_ASSERTIONS = NO;
				ENABLE_STRICT_OBJC_MSGSEND = YES;
				GCC_C_LANGUAGE_STANDARD = gnu99;
				GCC_NO_COMMON_BLOCKS = YES;
				GCC_WARN_64_TO_32_BIT_CONVERSION = YES;
				GCC_WARN_ABOUT_RETURN_TYPE = YES_ERROR;
				GCC_WARN_UNDECLARED_SELECTOR = YES;
				GCC_WARN_UNINITIALIZED_AUTOS = YES_AGGRESSIVE;
				GCC_WARN_UNUSED_FUNCTION = YES;
				GCC_WARN_UNUSED_VARIABLE = YES;
				IPHONEOS_DEPLOYMENT_TARGET = 8.3;
				MTL_ENABLE_DEBUG_INFO = NO;
				SDKROOT = iphoneos;
				VALIDATE_PRODUCT = YES;
			};
			name = Release;
		};
		616A40391DAC8D3500B28F0D /* Debug */ = {
			isa = XCBuildConfiguration;
			baseConfigurationReference = D47974799048410BFF7D8982 /* Pods-百思不得骑马强化.debug.xcconfig */;
			buildSettings = {
				ASSETCATALOG_COMPILER_APPICON_NAME = AppIcon;
				ASSETCATALOG_COMPILER_LAUNCHIMAGE_NAME = LaunchImage;
				DEVELOPMENT_TEAM = YSSKH42VUK;
				GCC_PREFIX_HEADER = "百思不得骑马强化/Classes/Other/PrefixHeader.pch";
				INFOPLIST_FILE = "百思不得骑马强化/Info.plist";
				LD_RUNPATH_SEARCH_PATHS = "$(inherited) @executable_path/Frameworks";
				PRODUCT_BUNDLE_IDENTIFIER = "www.yijiang.com.--------";
				PRODUCT_NAME = "$(TARGET_NAME)";
			};
			name = Debug;
		};
		616A403A1DAC8D3500B28F0D /* Release */ = {
			isa = XCBuildConfiguration;
			baseConfigurationReference = CCC64A9BA4D4443D25118460 /* Pods-百思不得骑马强化.release.xcconfig */;
			buildSettings = {
				ASSETCATALOG_COMPILER_APPICON_NAME = AppIcon;
				ASSETCATALOG_COMPILER_LAUNCHIMAGE_NAME = LaunchImage;
				DEVELOPMENT_TEAM = YSSKH42VUK;
				GCC_PREFIX_HEADER = "百思不得骑马强化/Classes/Other/PrefixHeader.pch";
				INFOPLIST_FILE = "百思不得骑马强化/Info.plist";
				LD_RUNPATH_SEARCH_PATHS = "$(inherited) @executable_path/Frameworks";
				PRODUCT_BUNDLE_IDENTIFIER = "www.yijiang.com.--------";
				PRODUCT_NAME = "$(TARGET_NAME)";
			};
			name = Release;
		};
		616A403C1DAC8D3500B28F0D /* Debug */ = {
			isa = XCBuildConfiguration;
			baseConfigurationReference = 0C65B51768A6C59C09342CAD /* Pods-百思不得骑马强化UITests.debug.xcconfig */;
			buildSettings = {
				DEVELOPMENT_TEAM = YSSKH42VUK;
				INFOPLIST_FILE = "百思不得骑马强化UITests/Info.plist";
				LD_RUNPATH_SEARCH_PATHS = "$(inherited) @executable_path/Frameworks @loader_path/Frameworks";
				PRODUCT_BUNDLE_IDENTIFIER = "www.yijiang.com.--------UITests";
				PRODUCT_NAME = "$(TARGET_NAME)";
				TEST_TARGET_NAME = "百思不得骑马强化";
			};
			name = Debug;
		};
		616A403D1DAC8D3500B28F0D /* Release */ = {
			isa = XCBuildConfiguration;
			baseConfigurationReference = 156076910FE246B74B19EC99 /* Pods-百思不得骑马强化UITests.release.xcconfig */;
			buildSettings = {
				DEVELOPMENT_TEAM = YSSKH42VUK;
				INFOPLIST_FILE = "百思不得骑马强化UITests/Info.plist";
				LD_RUNPATH_SEARCH_PATHS = "$(inherited) @executable_path/Frameworks @loader_path/Frameworks";
				PRODUCT_BUNDLE_IDENTIFIER = "www.yijiang.com.--------UITests";
				PRODUCT_NAME = "$(TARGET_NAME)";
				TEST_TARGET_NAME = "百思不得骑马强化";
			};
			name = Release;
		};
/* End XCBuildConfiguration section */

/* Begin XCConfigurationList section */
		616A40111DAC8D3500B28F0D /* Build configuration list for PBXProject "百思不得骑马强化" */ = {
			isa = XCConfigurationList;
			buildConfigurations = (
				616A40361DAC8D3500B28F0D /* Debug */,
				616A40371DAC8D3500B28F0D /* Release */,
			);
			defaultConfigurationIsVisible = 0;
			defaultConfigurationName = Release;
		};
		616A40381DAC8D3500B28F0D /* Build configuration list for PBXNativeTarget "百思不得骑马强化" */ = {
			isa = XCConfigurationList;
			buildConfigurations = (
				616A40391DAC8D3500B28F0D /* Debug */,
				616A403A1DAC8D3500B28F0D /* Release */,
			);
			defaultConfigurationIsVisible = 0;
			defaultConfigurationName = Release;
		};
		616A403B1DAC8D3500B28F0D /* Build configuration list for PBXNativeTarget "百思不得骑马强化UITests" */ = {
			isa = XCConfigurationList;
			buildConfigurations = (
				616A403C1DAC8D3500B28F0D /* Debug */,
				616A403D1DAC8D3500B28F0D /* Release */,
			);
			defaultConfigurationIsVisible = 0;
			defaultConfigurationName = Release;
		};
/* End XCConfigurationList section */
	};
	rootObject = 616A400E1DAC8D3500B28F0D /* Project object */;
}
